
Microsoft Visual Studio Solution File, Format Version 11.00
# Visual C++ Express 2010
Project("{8BC9CEB8-8B4A-11D0-8D11-00A0C91BC942}") = "HOGExperiments", "HOGExperiments\HOGExperiments.vcxproj", "{F30278F6-8B48-4078-A7A8-CA3CE10DAA1F}"
EndProject
Global
	GlobalSection(SolutionConfigurationPlatforms) = preSolution
		Debug|Win32 = Debug|Win32
		Release|Win32 = Release|Win32
	EndGlobalSection
	GlobalSection(ProjectConfigurationPlatforms) = postSolution
		{F30278F6-8B48-4078-A7A8-CA3CE10DAA1F}.Debug|Win32.ActiveCfg = Debug|Win32
		{F30278F6-8B48-4078-A7A8-CA3CE10DAA1F}.Debug|Win32.Build.0 = Debug|Win32
		{F30278F6-8B48-4078-A7A8-CA3CE10DAA1F}.Release|Win32.ActiveCfg = Release|Win32
		{F30278F6-8B48-4078-A7A8-CA3CE10DAA1F}.Release|Win32.Build.0 = Release|Win32
	EndGlobalSection
	GlobalSection(SolutionProperties) = preSolution
		HideSolutionNode = FALSE
	EndGlobalSection
EndGlobal
